lockVersion: 2.0.0
id: 3a0af8e9-6109-4532-9e1c-ddb59b33e506
management:
  docChecksum: 2a463a0ba0ac175b32758f28fb851d89
  docVersion: 1.0.0
  speakeasyVersion: 1.299.6
  generationVersion: 2.338.12
  releaseVersion: 0.2.0
  configChecksum: 452e32ea83a629d62a78b0324d6a38dd
features:
  typescript:
    acceptHeaders: 2.81.2
    additionalDependencies: 0.1.0
    additionalProperties: 0.1.1
    constsAndDefaults: 0.1.5
    core: 3.9.11
    deprecations: 2.81.1
    examples: 2.81.4
    flattening: 2.81.1
    globalSecurity: 2.82.9
    globalSecurityCallbacks: 0.1.0
    globalSecurityFlattening: 0.1.0
    globalServerURLs: 2.82.4
    groups: 2.81.2
    nameOverrides: 2.81.2
    responseFormat: 0.2.3
    sdkHooks: 0.1.0
    unions: 2.85.5
generatedFiles:
  - src/sdk/schema.ts
  - src/sdk/feeds.ts
  - src/sdk/raw.ts
  - src/sdk/sdk.ts
  - .eslintrc.js
  - .npmignore
  - RUNTIMES.md
  - jsr.json
  - package.json
  - src/index.ts
  - src/lib/base64.ts
  - src/lib/config.ts
  - src/lib/encodings.ts
  - src/lib/http.ts
  - src/lib/is-plain-object.ts
  - src/lib/retries.ts
  - src/lib/schemas.ts
  - src/lib/sdks.ts
  - src/lib/security.ts
  - src/lib/url.ts
  - src/sdk/index.ts
  - src/models/errors/sdkerror.ts
  - src/models/errors/sdkvalidationerror.ts
  - src/types/blobs.ts
  - src/types/enums.ts
  - src/types/index.ts
  - src/types/operations.ts
  - src/types/rfcdate.ts
  - tsconfig.json
  - src/models/operations/getapi.ts
  - src/models/operations/getxsd.ts
  - src/models/operations/listavailability.ts
  - src/models/operations/listbroadcasts.ts
  - src/models/operations/listgroups.ts
  - src/models/operations/listimages.ts
  - src/models/operations/listitems.ts
  - src/models/operations/listmasterbrands.ts
  - src/models/operations/listpeople.ts
  - src/models/operations/listpips.ts
  - src/models/operations/listprogrammedetails.ts
  - src/models/operations/listprogrammes.ts
  - src/models/operations/listpromotions.ts
  - src/models/operations/listschedules.ts
  - src/models/operations/listservices.ts
  - src/models/operations/listversions.ts
  - src/models/operations/getrawbrand.ts
  - src/models/operations/getrawbrandfranchises.ts
  - src/models/operations/getrawepisode.ts
  - src/models/operations/getrawancestors.ts
  - src/models/operations/getrawformats.ts
  - src/models/operations/getrawgenregroups.ts
  - src/models/operations/getrawimage.ts
  - src/models/operations/getrawmasterbrand.ts
  - src/models/operations/getrawpromotion.ts
  - src/models/components/errormodel.ts
  - src/models/components/httpmetadata.ts
  - src/models/components/nitro.ts
  - src/models/components/sorts.ts
  - src/models/components/unstablesorts.ts
  - src/models/components/sort.ts
  - src/models/components/sortdirection.ts
  - src/models/components/releasestatustype.ts
  - src/models/components/results.ts
  - src/models/components/window.ts
  - src/models/components/windowof.ts
  - src/models/components/servicereference.ts
  - src/models/components/scheduledtime.ts
  - src/models/components/scheduledpublicationrights.ts
  - src/models/components/publicationrights.ts
  - src/models/components/mediaavailabilitytime.ts
  - src/models/components/imagesmixin.ts
  - src/models/components/imagelink.ts
  - src/models/components/deprecationattributes.ts
  - src/models/components/ids.ts
  - src/models/components/id.ts
  - src/models/components/identifiers.ts
  - src/models/components/identifier.ts
  - src/models/components/ancestorstitles.ts
  - src/models/components/ancestortitles.ts
  - src/models/components/accurateprogrammetime.ts
  - src/models/components/versiongroup.ts
  - src/models/components/warnings.ts
  - src/models/components/warningtext.ts
  - src/models/components/warning.ts
  - src/models/components/versiontypeswithid.ts
  - src/models/components/versionof.ts
  - src/models/components/typeswithid.ts
  - src/models/components/speech.ts
  - src/models/components/synopses.ts
  - src/models/components/playevents.ts
  - src/models/components/playevent.ts
  - src/models/components/playedinlinks.ts
  - src/models/components/offsets.ts
  - src/models/components/offsetin.ts
  - src/models/components/itemof.ts
  - src/models/components/contributionsmixin.ts
  - src/models/components/contributionsmixincontribution.ts
  - src/models/components/contributionsmixincontributor.ts
  - src/models/components/contributionsmixincontributorname.ts
  - src/models/components/service.ts
  - src/models/components/mediatype.ts
  - src/models/components/masterbrandlink.ts
  - src/models/components/daterange.ts
  - src/models/components/series.ts
  - src/models/components/seriesof.ts
  - src/models/components/releasedategroup.ts
  - src/models/components/relatedlinks.ts
  - src/models/components/relatedlink.ts
  - src/models/components/programmetype.ts
  - src/models/components/programmeformats.ts
  - src/models/components/format.ts
  - src/models/components/previousnextmixin.ts
  - src/models/components/reference.ts
  - src/models/components/itemsfor.ts
  - src/models/components/genregroupings.ts
  - src/models/components/genregroup.ts
  - src/models/components/genre.ts
  - src/models/components/embargoed.ts
  - src/models/components/availabilitymixin.ts
  - src/models/components/ancestors.ts
  - src/models/components/alternateimagesmixin.ts
  - src/models/components/season.ts
  - src/models/components/scheduled.ts
  - src/models/components/forprogrammes.ts
  - src/models/components/forprogramme.ts
  - src/models/components/promotion.ts
  - src/models/components/promotionof.ts
  - src/models/components/context.ts
  - src/models/components/other.ts
  - src/models/components/music.ts
  - src/models/components/masterbrand.ts
  - src/models/components/image.ts
  - src/models/components/sourceasset.ts
  - src/models/components/size.ts
  - src/models/components/focuspoint.ts
  - src/models/components/dimensions.ts
  - src/models/components/highlight.ts
  - src/models/components/gallery.ts
  - src/models/components/franchise.ts
  - src/models/components/episode.ts
  - src/models/components/versionsmixin.ts
  - src/models/components/versions.ts
  - src/models/components/versionavailabilitymixin.ts
  - src/models/components/guidancewarnings.ts
  - src/models/components/warningtexts.ts
  - src/models/components/warningitems.ts
  - src/models/components/versionavailability.ts
  - src/models/components/availablemediasets.ts
  - src/models/components/availablewebcasts.ts
  - src/models/components/availableversionselement.ts
  - src/models/components/availablemixins.ts
  - src/models/components/availableversionsmediasets.ts
  - src/models/components/availableversions.ts
  - src/models/components/availablesimulcasts.ts
  - src/models/components/originalversionduration.ts
  - src/models/components/genregroups.ts
  - src/models/components/episodeof.ts
  - src/models/components/contributor.ts
  - src/models/components/contributorto.ts
  - src/models/components/contributorname.ts
  - src/models/components/collection.ts
  - src/models/components/clip.ts
  - src/models/components/clipof.ts
  - src/models/components/chapter.ts
  - src/models/components/broadcast.ts
  - src/models/components/txtime.ts
  - src/models/components/publishedtime.ts
  - src/models/components/broadcastof.ts
  - src/models/components/brand.ts
  - src/models/components/franchises.ts
  - src/models/components/availability.ts
  - src/models/components/availabilitytype.ts
  - src/models/components/availabilityof.ts
  - src/models/components/availabilitydebug.ts
  - src/models/components/mediaprofilegroups.ts
  - src/models/components/mediaprofilegroup.ts
  - src/models/components/pidreference.ts
  - src/models/components/pagination.ts
  - src/models/components/previous.ts
  - src/models/components/next.ts
  - src/models/components/mixins.ts
  - src/models/components/unstablemixins.ts
  - src/models/components/mixin.ts
  - src/models/components/prohibits.ts
  - src/models/components/dependencyon.ts
  - src/models/components/affectedby.ts
  - src/models/components/filters.ts
  - src/models/components/unstablefilters.ts
  - src/models/components/filter.ts
  - src/models/components/option.ts
  - src/models/components/deprecations.ts
  - src/models/components/deprecated.ts
  - src/models/components/security.ts
  - src/models/errors/index.ts
  - src/models/operations/index.ts
  - src/models/components/index.ts
  - docs/models/operations/getapiresponse.md
  - docs/models/operations/getxsdresponse.md
  - docs/models/operations/sort.md
  - docs/models/operations/sortdirection.md
  - docs/models/operations/availability.md
  - docs/models/operations/territory.md
  - docs/models/operations/listavailabilityrequest.md
  - docs/models/operations/listavailabilityresponse.md
  - docs/models/operations/queryparamsort.md
  - docs/models/operations/queryparamsortdirection.md
  - docs/models/operations/mixin.md
  - docs/types/rfcdate.md
  - docs/models/operations/listbroadcastsrequest.md
  - docs/models/operations/listbroadcastsresponse.md
  - docs/models/operations/listgroupsqueryparamsort.md
  - docs/models/operations/listgroupsqueryparamsortdirection.md
  - docs/models/operations/queryparammixin.md
  - docs/models/operations/grouptype.md
  - docs/models/operations/embargoed.md
  - docs/models/operations/listgroupsrequest.md
  - docs/models/operations/listgroupsresponse.md
  - docs/models/operations/listimagesqueryparamsort.md
  - docs/models/operations/listimagesqueryparamsortdirection.md
  - docs/models/operations/imagetype.md
  - docs/models/operations/queryparamembargoed.md
  - docs/models/operations/listimagesrequest.md
  - docs/models/operations/listimagesresponse.md
  - docs/models/operations/listitemsqueryparamsort.md
  - docs/models/operations/listitemsqueryparamsortdirection.md
  - docs/models/operations/listitemsqueryparammixin.md
  - docs/models/operations/itemtype.md
  - docs/models/operations/listitemsrequest.md
  - docs/models/operations/listitemsresponse.md
  - docs/models/operations/listmasterbrandsqueryparamsort.md
  - docs/models/operations/listmasterbrandsqueryparamsortdirection.md
  - docs/models/operations/listmasterbrandsqueryparammixin.md
  - docs/models/operations/listmasterbrandsrequest.md
  - docs/models/operations/listmasterbrandsresponse.md
  - docs/models/operations/hasexternalid.md
  - docs/models/operations/listpeoplerequest.md
  - docs/models/operations/listpeopleresponse.md
  - docs/models/operations/listpipsrequest.md
  - docs/models/operations/listpipsresponse.md
  - docs/models/operations/listprogrammedetailsrequest.md
  - docs/models/operations/listprogrammedetailsresponse.md
  - docs/models/operations/listprogrammesqueryparamsort.md
  - docs/models/operations/listprogrammesqueryparamsortdirection.md
  - docs/models/operations/listprogrammesqueryparammixin.md
  - docs/models/operations/audiodescribed.md
  - docs/models/operations/queryparamavailability.md
  - docs/models/operations/availabilityentitytype.md
  - docs/models/operations/availabilitytype.md
  - docs/models/operations/duration.md
  - docs/models/operations/entitytype.md
  - docs/models/operations/mediatype.md
  - docs/models/operations/paymenttype.md
  - docs/models/operations/signed.md
  - docs/models/operations/tleo.md
  - docs/models/operations/listprogrammesqueryparamembargoed.md
  - docs/models/operations/listprogrammesrequest.md
  - docs/models/operations/listprogrammesresponse.md
  - docs/models/operations/listpromotionsqueryparammixin.md
  - docs/models/operations/status.md
  - docs/models/operations/listpromotionsrequest.md
  - docs/models/operations/listpromotionsresponse.md
  - docs/models/operations/listschedulesqueryparamsort.md
  - docs/models/operations/listschedulesqueryparamsortdirection.md
  - docs/models/operations/listschedulesqueryparammixin.md
  - docs/models/operations/listschedulesrequest.md
  - docs/models/operations/listschedulesresponse.md
  - docs/models/operations/servicetype.md
  - docs/models/operations/listservicesrequest.md
  - docs/models/operations/listservicesresponse.md
  - docs/models/operations/listversionsqueryparamavailability.md
  - docs/models/operations/queryparampaymenttype.md
  - docs/models/operations/listversionsqueryparamembargoed.md
  - docs/models/operations/listversionsrequest.md
  - docs/models/operations/listversionsresponse.md
  - docs/models/operations/getrawbrandrequest.md
  - docs/models/operations/getrawbrandresponse.md
  - docs/models/operations/getrawbrandfranchisesrequest.md
  - docs/models/operations/getrawbrandfranchisesresponse.md
  - docs/models/operations/getrawepisoderequest.md
  - docs/models/operations/getrawepisoderesponse.md
  - docs/models/operations/getrawancestorsrequest.md
  - docs/models/operations/getrawancestorsresponse.md
  - docs/models/operations/getrawformatsrequest.md
  - docs/models/operations/getrawformatsresponse.md
  - docs/models/operations/getrawgenregroupsrequest.md
  - docs/models/operations/getrawgenregroupsresponse.md
  - docs/models/operations/getrawimagerequest.md
  - docs/models/operations/getrawimageresponse.md
  - docs/models/operations/getrawmasterbrandrequest.md
  - docs/models/operations/getrawmasterbrandresponse.md
  - docs/models/operations/getrawpromotionrequest.md
  - docs/models/operations/getrawpromotionresponse.md
  - docs/models/components/detail.md
  - docs/models/components/fault.md
  - docs/models/components/errormodel.md
  - docs/models/components/httpmetadata.md
  - docs/models/components/nitro.md
  - docs/models/components/sorts.md
  - docs/models/components/unstablesorts.md
  - docs/models/components/sort.md
  - docs/models/components/sortdirection.md
  - docs/models/components/releasestatustype.md
  - docs/models/components/results.md
  - docs/models/components/window.md
  - docs/models/components/windowof.md
  - docs/models/components/servicereference.md
  - docs/models/components/scheduledtime.md
  - docs/models/components/scheduledpublicationrights.md
  - docs/models/components/publicationrights.md
  - docs/models/components/mediaavailabilitytime.md
  - docs/models/components/imagesmixininheritedfrom.md
  - docs/models/components/imagesmixinimagesimage.md
  - docs/models/components/imagesmixinimages.md
  - docs/models/components/inheritedfrom.md
  - docs/models/components/imagesmixinimage.md
  - docs/models/components/images.md
  - docs/models/components/imagesmixin.md
  - docs/models/components/imageimage.md
  - docs/models/components/two.md
  - docs/models/components/imagelinkimage.md
  - docs/models/components/imagelink.md
  - docs/models/components/deprecationattributes.md
  - docs/models/components/ids.md
  - docs/models/components/id.md
  - docs/models/components/identifiers.md
  - docs/models/components/identifier.md
  - docs/models/components/ancestorstitlesbrand.md
  - docs/models/components/ancestorstitlesepisodebrand.md
  - docs/models/components/ancestorstitlesepisodeepisode.md
  - docs/models/components/ancestorstitlesepisodeseries.md
  - docs/models/components/ancestorstitlesepisode.md
  - docs/models/components/ancestorstitlesseries.md
  - docs/models/components/ancestorstitles.md
  - docs/models/components/ancestortitlesbrand.md
  - docs/models/components/ancestortitlesepisodebrand.md
  - docs/models/components/ancestortitlesepisodeepisode.md
  - docs/models/components/ancestortitlesepisodeseries.md
  - docs/models/components/ancestortitlesepisode.md
  - docs/models/components/ancestortitlesseries.md
  - docs/models/components/ancestortitles.md
  - docs/models/components/accurateprogrammetime.md
  - docs/models/components/versiongroupversionversion.md
  - docs/models/components/versiongroupversion.md
  - docs/models/components/versiongroup.md
  - docs/models/components/warnings.md
  - docs/models/components/warningtext.md
  - docs/models/components/warning.md
  - docs/models/components/versiontypeswithidversiontype.md
  - docs/models/components/versiontypeswithidversiontypes.md
  - docs/models/components/versiontype.md
  - docs/models/components/versiontypes.md
  - docs/models/components/versiontypeswithid.md
  - docs/models/components/versionof.md
  - docs/models/components/typeswithidtype.md
  - docs/models/components/typeswithidtypes.md
  - docs/models/components/type.md
  - docs/models/components/types.md
  - docs/models/components/typeswithid.md
  - docs/models/components/speech.md
  - docs/models/components/synopses.md
  - docs/models/components/playevents.md
  - docs/models/components/playevent.md
  - docs/models/components/playedinlinksplayedin.md
  - docs/models/components/playedin.md
  - docs/models/components/playedinlinks.md
  - docs/models/components/offsets.md
  - docs/models/components/offsetin.md
  - docs/models/components/itemof.md
  - docs/models/components/contributionsmixincontributions.md
  - docs/models/components/contributions.md
  - docs/models/components/contributionsmixin.md
  - docs/models/components/contributionsmixincontributioncreditrole.md
  - docs/models/components/contributionsmixincontributioncontribution.md
  - docs/models/components/creditrole.md
  - docs/models/components/contribution.md
  - docs/models/components/contributionsmixincontribution.md
  - docs/models/components/contributionsmixincontributorcontributorcontributor.md
  - docs/models/components/contributionsmixincontributorcontributor.md
  - docs/models/components/contributionsmixincontributor.md
  - docs/models/components/contributionsmixincontributornamename.md
  - docs/models/components/name.md
  - docs/models/components/contributionsmixincontributorname.md
  - docs/models/components/service.md
  - docs/models/components/mediatype.md
  - docs/models/components/masterbrandlinkmasterbrandmasterbrand.md
  - docs/models/components/masterbrandlinkmasterbrand.md
  - docs/models/components/masterbrandlink.md
  - docs/models/components/daterange.md
  - docs/models/components/series.md
  - docs/models/components/seriesof.md
  - docs/models/components/releasedategroup.md
  - docs/models/components/relatedlinks.md
  - docs/models/components/relatedlinkavailability.md
  - docs/models/components/relatedlink.md
  - docs/models/components/programmetype.md
  - docs/models/components/programmeformats.md
  - docs/models/components/format.md
  - docs/models/components/previousnextmixinpreviousnext.md
  - docs/models/components/previousnext.md
  - docs/models/components/previousnextmixin.md
  - docs/models/components/reference.md
  - docs/models/components/itemsfor.md
  - docs/models/components/genregroupings.md
  - docs/models/components/genres.md
  - docs/models/components/genregroup.md
  - docs/models/components/genre.md
  - docs/models/components/embargoed.md
  - docs/models/components/availabilitymixinavailabilityversiontypesversiontypeversiontype.md
  - docs/models/components/availabilitymixinavailabilityversiontypesversiontype.md
  - docs/models/components/availabilitymixinavailabilityversiontypes.md
  - docs/models/components/availabilitymixinavailabilityavailability.md
  - docs/models/components/availabilitymixinavailabilityversiontype.md
  - docs/models/components/availabilitymixinversiontype.md
  - docs/models/components/availabilitymixinversiontypes.md
  - docs/models/components/availabilitymixinavailability.md
  - docs/models/components/availabilitymixin.md
  - docs/models/components/ancestors.md
  - docs/models/components/alternateimagesmixinalternateimage.md
  - docs/models/components/alternateimagesmixinalternateimages.md
  - docs/models/components/alternateimage.md
  - docs/models/components/alternateimages.md
  - docs/models/components/alternateimagesmixin.md
  - docs/models/components/season.md
  - docs/models/components/scheduled.md
  - docs/models/components/forprogrammes.md
  - docs/models/components/forprogramme.md
  - docs/models/components/promotion.md
  - docs/models/components/promotionof.md
  - docs/models/components/context.md
  - docs/models/components/other.md
  - docs/models/components/music.md
  - docs/models/components/competitionwarning.md
  - docs/models/components/masterbranddaterange.md
  - docs/models/components/masterbrandsynopses.md
  - docs/models/components/masterbrand.md
  - docs/models/components/image.md
  - docs/models/components/sourceasset.md
  - docs/models/components/size.md
  - docs/models/components/focuspoint.md
  - docs/models/components/dimensions.md
  - docs/models/components/highlight.md
  - docs/models/components/gallery.md
  - docs/models/components/franchise.md
  - docs/models/components/episode.md
  - docs/models/components/versionsmixin.md
  - docs/models/components/versions.md
  - docs/models/components/versionavailabilitymixinavailabilities.md
  - docs/models/components/versionavailabilitymixintypes.md
  - docs/models/components/versionavailabilitymixinversionavailabilities.md
  - docs/models/components/versionavailabilitymixinversiontypes.md
  - docs/models/components/versionavailabilitymixinversionversion.md
  - docs/models/components/versionavailabilitymixinversion.md
  - docs/models/components/versionavailabilitymixin.md
  - docs/models/components/guidancewarningswarningswarnings.md
  - docs/models/components/guidancewarningswarnings.md
  - docs/models/components/guidancewarnings.md
  - docs/models/components/warningtextswarningtextwarningtext.md
  - docs/models/components/warningtextswarningtext.md
  - docs/models/components/warningtexts.md
  - docs/models/components/warningitemswarningwarning.md
  - docs/models/components/warningitemswarning.md
  - docs/models/components/warningitems.md
  - docs/models/components/versionavailabilityavailabilityavailability.md
  - docs/models/components/versionavailabilityavailability.md
  - docs/models/components/versionavailability.md
  - docs/models/components/availablemediasetsmediasetsmediaset.md
  - docs/models/components/availablemediasetsmediasetsmediasets.md
  - docs/models/components/availablemediasetsmediaset.md
  - docs/models/components/availablemediasetsmediasets.md
  - docs/models/components/availablemediasets.md
  - docs/models/components/availablewebcasts.md
  - docs/models/components/availableversionselementtypes.md
  - docs/models/components/availableversionselementversiontypes.md
  - docs/models/components/availableversionselementversionversion.md
  - docs/models/components/availableversionselementversion.md
  - docs/models/components/availableversionselement.md
  - docs/models/components/availablemixinsavailabilitiesavailability.md
  - docs/models/components/availablemixinsavailabilities.md
  - docs/models/components/availablemixinsavailability.md
  - docs/models/components/availabilities.md
  - docs/models/components/availablemixins.md
  - docs/models/components/availableversionsmediasetsterritories.md
  - docs/models/components/availableversionsmediasetsmediaset.md
  - docs/models/components/availableversionsmediasetsmediasets.md
  - docs/models/components/territories.md
  - docs/models/components/mediaset.md
  - docs/models/components/mediasets.md
  - docs/models/components/availableversionsmediasets.md
  - docs/models/components/availableversions.md
  - docs/models/components/availablesimulcasts.md
  - docs/models/components/originalversiondurationversion.md
  - docs/models/components/version.md
  - docs/models/components/originalversionduration.md
  - docs/models/components/genregroups.md
  - docs/models/components/episodeof.md
  - docs/models/components/contributor.md
  - docs/models/components/contributorto.md
  - docs/models/components/contributornamenamename.md
  - docs/models/components/contributornamename.md
  - docs/models/components/contributorname.md
  - docs/models/components/collection.md
  - docs/models/components/clip.md
  - docs/models/components/clipof.md
  - docs/models/components/chapter.md
  - docs/models/components/broadcast.md
  - docs/models/components/txtime.md
  - docs/models/components/publishedtime.md
  - docs/models/components/broadcastof.md
  - docs/models/components/brand.md
  - docs/models/components/franchises.md
  - docs/models/components/availability.md
  - docs/models/components/availabilitytype.md
  - docs/models/components/availabilityof.md
  - docs/models/components/availabilitydebug.md
  - docs/models/components/mediaprofilegroups.md
  - docs/models/components/mediaprofilegroup.md
  - docs/models/components/pidreference.md
  - docs/models/components/pagination.md
  - docs/models/components/previous.md
  - docs/models/components/next.md
  - docs/models/components/mixins.md
  - docs/models/components/unstablemixins.md
  - docs/models/components/mixin.md
  - docs/models/components/prohibitsfilter.md
  - docs/models/components/prohibitsmixinfilter.md
  - docs/models/components/prohibitsmixinmixin.md
  - docs/models/components/prohibitsmixin.md
  - docs/models/components/prohibits.md
  - docs/models/components/dependencyon.md
  - docs/models/components/affectedbyfilterfilter.md
  - docs/models/components/affectedbyfilter.md
  - docs/models/components/affectedby.md
  - docs/models/components/filters.md
  - docs/models/components/unstablefilters.md
  - docs/models/components/filter.md
  - docs/models/components/option.md
  - docs/models/components/deprecations.md
  - docs/models/components/deprecated.md
  - docs/models/components/security.md
  - docs/sdks/bbc/README.md
  - docs/sdks/schema/README.md
  - docs/sdks/feeds/README.md
  - docs/sdks/raw/README.md
  - USAGE.md
  - .gitattributes
  - src/hooks/hooks.ts
  - src/hooks/types.ts
  - src/hooks/index.ts
