speakeasyVersion: 1.299.6
sources:
    bbc:
        sourceNamespace: bbc
        sourceRevisionDigest: sha256:c7d54352db729625b3e06daaff1d8ec219901e3f6f76b26067da8578ad99374f
        sourceBlobDigest: sha256:cda3913d82bc0aaa6ff3502f0ad832efa3b641d98d6d8eb45409e8c7644bd6dc
        tags:
            - latest
targets:
    my-first-target:
        source: bbc
        sourceNamespace: bbc
        sourceRevisionDigest: sha256:c7d54352db729625b3e06daaff1d8ec219901e3f6f76b26067da8578ad99374f
        sourceBlobDigest: sha256:cda3913d82bc0aaa6ff3502f0ad832efa3b641d98d6d8eb45409e8c7644bd6dc
        outLocation: /Users/ndimares/speakeasy/client_sdks/bbc/bbc-typescript
workflow:
    workflowVersion: 1.0.0
    sources:
        bbc:
            inputs:
                - location: ./openapi/openapi-bbc.yaml
            overlays:
                - location: ./openapi/out.yaml
            registry:
                location: registry.speakeasyapi.dev/speakeasy-bar-test/speakeasy-bar-test/bbc
    targets:
        my-first-target:
            target: typescript
            source: bbc
